
Microsoft Visual Studio Solution File, Format Version 12.00
# Visual Studio Version 17
VisualStudioVersion = 17.14.36930.0 d17.14
MinimumVisualStudioVersion = 10.0.40219.1
Project("{FAE04EC0-301F-11D3-BF4B-00C04F79EFBC}") = "ForLoop", "ForLoop\ForLoop.csproj", "{2A80A0FD-361B-47D0-9B6A-136CD1ED0D3A}"
EndProject
Global
	GlobalSection(SolutionConfigurationPlatforms) = preSolution
		Debug|Any CPU = Debug|Any CPU
		Release|Any CPU = Release|Any CPU
	EndGlobalSection
	GlobalSection(ProjectConfigurationPlatforms) = postSolution
		{2A80A0FD-361B-47D0-9B6A-136CD1ED0D3A}.Debug|Any CPU.ActiveCfg = Debug|Any CPU
		{2A80A0FD-361B-47D0-9B6A-136CD1ED0D3A}.Debug|Any CPU.Build.0 = Debug|Any CPU
		{2A80A0FD-361B-47D0-9B6A-136CD1ED0D3A}.Release|Any CPU.ActiveCfg = Release|Any CPU
		{2A80A0FD-361B-47D0-9B6A-136CD1ED0D3A}.Release|Any CPU.Build.0 = Release|Any CPU
	EndGlobalSection
	GlobalSection(SolutionProperties) = preSolution
		HideSolutionNode = FALSE
	EndGlobalSection
	GlobalSection(ExtensibilityGlobals) = postSolution
		SolutionGuid = {0762E3E6-C6FD-47B8-AF47-83B4F659D01D}
	EndGlobalSection
EndGlobal
