
Microsoft Visual Studio Solution File, Format Version 12.00
# Visual Studio Version 17
VisualStudioVersion = 17.14.37027.9 d17.14
MinimumVisualStudioVersion = 10.0.40219.1
Project("{FAE04EC0-301F-11D3-BF4B-00C04F79EFBC}") = "OddOrEvenNumber", "OddOrEvenNumber\OddOrEvenNumber.csproj", "{80E3F445-0FDD-4A9E-94A7-B0A7E2AB5070}"
EndProject
Global
	GlobalSection(SolutionConfigurationPlatforms) = preSolution
		Debug|Any CPU = Debug|Any CPU
		Release|Any CPU = Release|Any CPU
	EndGlobalSection
	GlobalSection(ProjectConfigurationPlatforms) = postSolution
		{80E3F445-0FDD-4A9E-94A7-B0A7E2AB5070}.Debug|Any CPU.ActiveCfg = Debug|Any CPU
		{80E3F445-0FDD-4A9E-94A7-B0A7E2AB5070}.Debug|Any CPU.Build.0 = Debug|Any CPU
		{80E3F445-0FDD-4A9E-94A7-B0A7E2AB5070}.Release|Any CPU.ActiveCfg = Release|Any CPU
		{80E3F445-0FDD-4A9E-94A7-B0A7E2AB5070}.Release|Any CPU.Build.0 = Release|Any CPU
	EndGlobalSection
	GlobalSection(SolutionProperties) = preSolution
		HideSolutionNode = FALSE
	EndGlobalSection
	GlobalSection(ExtensibilityGlobals) = postSolution
		SolutionGuid = {B6089EC3-6EEC-4678-B896-1C6423957737}
	EndGlobalSection
EndGlobal
